// !$*UTF8*$!
{
	archiveVersion = 1;
	classes = {
	};
	objectVersion = 50;
	objects = {

/* Begin PBXBuildFile section */
		076F6E502187E9DC00B6C764 /* UIViewController.swift in Sources */ = {isa = PBXBuildFile; fileRef = 076F6E4F2187E9DC00B6C764 /* UIViewController.swift */; };
		078C85832187A7CE007DC1A5 /* AppDelegate.swift in Sources */ = {isa = PBXBuildFile; fileRef = 078C85822187A7CE007DC1A5 /* AppDelegate.swift */; };
		078C85852187A7CE007DC1A5 /* ViewController.swift in Sources */ = {isa = PBXBuildFile; fileRef = 078C85842187A7CE007DC1A5 /* ViewController.swift */; };
		078C858A2187A7D1007DC1A5 /* Assets.xcassets in Resources */ = {isa = PBXBuildFile; fileRef = 078C85892187A7D1007DC1A5 /* Assets.xcassets */; };
		078C858D2187A7D1007DC1A5 /* LaunchScreen.storyboard in Resources */ = {isa = PBXBuildFile; fileRef = 078C858B2187A7D1007DC1A5 /* LaunchScreen.storyboard */; };
		078C85B12187A7F0007DC1A5 /* Player.swift in Sources */ = {isa = PBXBuildFile; fileRef = 078C85B02187A7F0007DC1A5 /* Player.swift */; };
		07F4FC322187CE97005A5E23 /* GameBoard.swift in Sources */ = {isa = PBXBuildFile; fileRef = 07F4FC312187CE97005A5E23 /* GameBoard.swift */; };
		07F4FC352187CEB1005A5E23 /* Array.swift in Sources */ = {isa = PBXBuildFile; fileRef = 07F4FC342187CEB1005A5E23 /* Array.swift */; };
		07F4FC392187CF5E005A5E23 /* CodableView.swift in Sources */ = {isa = PBXBuildFile; fileRef = 07F4FC382187CF5E005A5E23 /* CodableView.swift */; };
		07F4FC3C2187D56E005A5E23 /* GameBoardCell.swift in Sources */ = {isa = PBXBuildFile; fileRef = 07F4FC3B2187D56E005A5E23 /* GameBoardCell.swift */; };
		07F4FC3E2187D66B005A5E23 /* GameBoardCollectionViewLayout.swift in Sources */ = {isa = PBXBuildFile; fileRef = 07F4FC3D2187D66B005A5E23 /* GameBoardCollectionViewLayout.swift */; };
		07F4FC402187DF98005A5E23 /* GameBoardCollectionViewDataSourceDelegate.swift in Sources */ = {isa = PBXBuildFile; fileRef = 07F4FC3F2187DF98005A5E23 /* GameBoardCollectionViewDataSourceDelegate.swift */; };
		07F4FC422187DFB3005A5E23 /* GameBoardCodableView.swift in Sources */ = {isa = PBXBuildFile; fileRef = 07F4FC412187DFB3005A5E23 /* GameBoardCodableView.swift */; };
/* End PBXBuildFile section */

/* Begin PBXFileReference section */
		076F6E4F2187E9DC00B6C764 /* UIViewController.swift */ = {isa = PBXFileReference; lastKnownFileType = sourcecode.swift; path = UIViewController.swift; sourceTree = "<group>"; };
		078C857F2187A7CE007DC1A5 /* TicTacToe.app */ = {isa = PBXFileReference; explicitFileType = wrapper.application; includeInIndex = 0; path = TicTacToe.app; sourceTree = BUILT_PRODUCTS_DIR; };
		078C85822187A7CE007DC1A5 /* AppDelegate.swift */ = {isa = PBXFileReference; lastKnownFileType = sourcecode.swift; path = AppDelegate.swift; sourceTree = "<group>"; };
		078C85842187A7CE007DC1A5 /* ViewController.swift */ = {isa = PBXFileReference; lastKnownFileType = sourcecode.swift; path = ViewController.swift; sourceTree = "<group>"; };
		078C85892187A7D1007DC1A5 /* Assets.xcassets */ = {isa = PBXFileReference; lastKnownFileType = folder.assetcatalog; path = Assets.xcassets; sourceTree = "<group>"; };
		078C858C2187A7D1007DC1A5 /* Base */ = {isa = PBXFileReference; lastKnownFileType = file.storyboard; name = Base; path = Base.lproj/LaunchScreen.storyboard; sourceTree = "<group>"; };
		078C858E2187A7D1007DC1A5 /* Info.plist */ = {isa = PBXFileReference; lastKnownFileType = text.plist.xml; path = Info.plist; sourceTree = "<group>"; };
		078C85B02187A7F0007DC1A5 /* Player.swift */ = {isa = PBXFileReference; lastKnownFileType = sourcecode.swift; path = Player.swift; sourceTree = "<group>"; };
		07F4FC312187CE97005A5E23 /* GameBoard.swift */ = {isa = PBXFileReference; lastKnownFileType = sourcecode.swift; path = GameBoard.swift; sourceTree = "<group>"; };
		07F4FC342187CEB1005A5E23 /* Array.swift */ = {isa = PBXFileReference; lastKnownFileType = sourcecode.swift; path = Array.swift; sourceTree = "<group>"; };
		07F4FC382187CF5E005A5E23 /* CodableView.swift */ = {isa = PBXFileReference; lastKnownFileType = sourcecode.swift; path = CodableView.swift; sourceTree = "<group>"; };
		07F4FC3B2187D56E005A5E23 /* GameBoardCell.swift */ = {isa = PBXFileReference; lastKnownFileType = sourcecode.swift; path = GameBoardCell.swift; sourceTree = "<group>"; };
		07F4FC3D2187D66B005A5E23 /* GameBoardCollectionViewLayout.swift */ = {isa = PBXFileReference; lastKnownFileType = sourcecode.swift; path = GameBoardCollectionViewLayout.swift; sourceTree = "<group>"; };
		07F4FC3F2187DF98005A5E23 /* GameBoardCollectionViewDataSourceDelegate.swift */ = {isa = PBXFileReference; lastKnownFileType = sourcecode.swift; path = GameBoardCollectionViewDataSourceDelegate.swift; sourceTree = "<group>"; };
		07F4FC412187DFB3005A5E23 /* GameBoardCodableView.swift */ = {isa = PBXFileReference; lastKnownFileType = sourcecode.swift; path = GameBoardCodableView.swift; sourceTree = "<group>"; };
/* End PBXFileReference section */

/* Begin PBXFrameworksBuildPhase section */
		078C857C2187A7CE007DC1A5 /* Frameworks */ = {
			isa = PBXFrameworksBuildPhase;
			buildActionMask = 2147483647;
			files = (
			);
			runOnlyForDeploymentPostprocessing = 0;
		};
/* End PBXFrameworksBuildPhase section */

/* Begin PBXGroup section */
		078C85762187A7CE007DC1A5 = {
			isa = PBXGroup;
			children = (
				078C85812187A7CE007DC1A5 /* TicTacToe */,
				078C85802187A7CE007DC1A5 /* Products */,
			);
			sourceTree = "<group>";
		};
		078C85802187A7CE007DC1A5 /* Products */ = {
			isa = PBXGroup;
			children = (
				078C857F2187A7CE007DC1A5 /* TicTacToe.app */,
			);
			name = Products;
			sourceTree = "<group>";
		};
		078C85812187A7CE007DC1A5 /* TicTacToe */ = {
			isa = PBXGroup;
			children = (
				07F4FC3A2187D55E005A5E23 /* Views */,
				07F4FC372187CF51005A5E23 /* Protocols */,
				07F4FC332187CEA7005A5E23 /* Utils */,
				07F4FC302187CE5B005A5E23 /* Model */,
				078C85822187A7CE007DC1A5 /* AppDelegate.swift */,
				078C85842187A7CE007DC1A5 /* ViewController.swift */,
				078C85892187A7D1007DC1A5 /* Assets.xcassets */,
				078C858B2187A7D1007DC1A5 /* LaunchScreen.storyboard */,
				078C858E2187A7D1007DC1A5 /* Info.plist */,
			);
			path = TicTacToe;
			sourceTree = "<group>";
		};
		07F4FC302187CE5B005A5E23 /* Model */ = {
			isa = PBXGroup;
			children = (
				078C85B02187A7F0007DC1A5 /* Player.swift */,
				07F4FC312187CE97005A5E23 /* GameBoard.swift */,
			);
			path = Model;
			sourceTree = "<group>";
		};
		07F4FC332187CEA7005A5E23 /* Utils */ = {
			isa = PBXGroup;
			children = (
				07F4FC362187CEC4005A5E23 /* Extensions */,
			);
			path = Utils;
			sourceTree = "<group>";
		};
		07F4FC362187CEC4005A5E23 /* Extensions */ = {
			isa = PBXGroup;
			children = (
				07F4FC342187CEB1005A5E23 /* Array.swift */,
				076F6E4F2187E9DC00B6C764 /* UIViewController.swift */,
			);
			path = Extensions;
			sourceTree = "<group>";
		};
		07F4FC372187CF51005A5E23 /* Protocols */ = {
			isa = PBXGroup;
			children = (
				07F4FC382187CF5E005A5E23 /* CodableView.swift */,
				07F4FC3D2187D66B005A5E23 /* GameBoardCollectionViewLayout.swift */,
				07F4FC3F2187DF98005A5E23 /* GameBoardCollectionViewDataSourceDelegate.swift */,
				07F4FC412187DFB3005A5E23 /* GameBoardCodableView.swift */,
			);
			path = Protocols;
			sourceTree = "<group>";
		};
		07F4FC3A2187D55E005A5E23 /* Views */ = {
			isa = PBXGroup;
			children = (
				07F4FC3B2187D56E005A5E23 /* GameBoardCell.swift */,
			);
			path = Views;
			sourceTree = "<group>";
		};
/* End PBXGroup section */

/* Begin PBXNativeTarget section */
		078C857E2187A7CE007DC1A5 /* TicTacToe */ = {
			isa = PBXNativeTarget;
			buildConfigurationList = 078C85A72187A7D1007DC1A5 /* Build configuration list for PBXNativeTarget "TicTacToe" */;
			buildPhases = (
				078C857B2187A7CE007DC1A5 /* Sources */,
				078C857C2187A7CE007DC1A5 /* Frameworks */,
				078C857D2187A7CE007DC1A5 /* Resources */,
			);
			buildRules = (
			);
			dependencies = (
			);
			name = TicTacToe;
			productName = TicTacToe;
			productReference = 078C857F2187A7CE007DC1A5 /* TicTacToe.app */;
			productType = "com.apple.product-type.application";
		};
/* End PBXNativeTarget section */

/* Begin PBXProject section */
		078C85772187A7CE007DC1A5 /* Project object */ = {
			isa = PBXProject;
			attributes = {
				LastSwiftUpdateCheck = 1000;
				LastUpgradeCheck = 1000;
				ORGANIZATIONNAME = "Renato Matos de Paula";
				TargetAttributes = {
					078C857E2187A7CE007DC1A5 = {
						CreatedOnToolsVersion = 10.0;
					};
				};
			};
			buildConfigurationList = 078C857A2187A7CE007DC1A5 /* Build configuration list for PBXProject "TicTacToe" */;
			compatibilityVersion = "Xcode 9.3";
			developmentRegion = en;
			hasScannedForEncodings = 0;
			knownRegions = (
				en,
				Base,
			);
			mainGroup = 078C85762187A7CE007DC1A5;
			productRefGroup = 078C85802187A7CE007DC1A5 /* Products */;
			projectDirPath = "";
			projectRoot = "";
			targets = (
				078C857E2187A7CE007DC1A5 /* TicTacToe */,
			);
		};
/* End PBXProject section */

/* Begin PBXResourcesBuildPhase section */
		078C857D2187A7CE007DC1A5 /* Resources */ = {
			isa = PBXResourcesBuildPhase;
			buildActionMask = 2147483647;
			files = (
				078C858D2187A7D1007DC1A5 /* LaunchScreen.storyboard in Resources */,
				078C858A2187A7D1007DC1A5 /* Assets.xcassets in Resources */,
			);
			runOnlyForDeploymentPostprocessing = 0;
		};
/* End PBXResourcesBuildPhase section */

/* Begin PBXSourcesBuildPhase section */
		078C857B2187A7CE007DC1A5 /* Sources */ = {
			isa = PBXSourcesBuildPhase;
			buildActionMask = 2147483647;
			files = (
				07F4FC322187CE97005A5E23 /* GameBoard.swift in Sources */,
				07F4FC402187DF98005A5E23 /* GameBoardCollectionViewDataSourceDelegate.swift in Sources */,
				07F4FC392187CF5E005A5E23 /* CodableView.swift in Sources */,
				076F6E502187E9DC00B6C764 /* UIViewController.swift in Sources */,
				07F4FC3C2187D56E005A5E23 /* GameBoardCell.swift in Sources */,
				07F4FC352187CEB1005A5E23 /* Array.swift in Sources */,
				078C85852187A7CE007DC1A5 /* ViewController.swift in Sources */,
				07F4FC3E2187D66B005A5E23 /* GameBoardCollectionViewLayout.swift in Sources */,
				078C85B12187A7F0007DC1A5 /* Player.swift in Sources */,
				07F4FC422187DFB3005A5E23 /* GameBoardCodableView.swift in Sources */,
				078C85832187A7CE007DC1A5 /* AppDelegate.swift in Sources */,
			);
			runOnlyForDeploymentPostprocessing = 0;
		};
/* End PBXSourcesBuildPhase section */

/* Begin PBXVariantGroup section */
		078C858B2187A7D1007DC1A5 /* LaunchScreen.storyboard */ = {
			isa = PBXVariantGroup;
			children = (
				078C858C2187A7D1007DC1A5 /* Base */,
			);
			name = LaunchScreen.storyboard;
			sourceTree = "<group>";
		};
/* End PBXVariantGroup section */

/* Begin XCBuildConfiguration section */
		078C85A52187A7D1007DC1A5 /* Debug */ = {
			isa = XCBuildConfiguration;
			buildSettings = {
				ALWAYS_SEARCH_USER_PATHS = NO;
				CLANG_ANALYZER_NONNULL = YES;
				CLANG_ANALYZER_NUMBER_OBJECT_CONVERSION = YES_AGGRESSIVE;
				CLANG_CXX_LANGUAGE_STANDARD = "gnu++14";
				CLANG_CXX_LIBRARY = "libc++";
				CLANG_ENABLE_MODULES = YES;
				CLANG_ENABLE_OBJC_ARC = YES;
				CLANG_ENABLE_OBJC_WEAK = YES;
				CLANG_WARN_BLOCK_CAPTURE_AUTORELEASING = YES;
				CLANG_WARN_BOOL_CONVERSION = YES;
				CLANG_WARN_COMMA = YES;
				CLANG_WARN_CONSTANT_CONVERSION = YES;
				CLANG_WARN_DEPRECATED_OBJC_IMPLEMENTATIONS = YES;
				CLANG_WARN_DIRECT_OBJC_ISA_USAGE = YES_ERROR;
				CLANG_WARN_DOCUMENTATION_COMMENTS = YES;
				CLANG_WARN_EMPTY_BODY = YES;
				CLANG_WARN_ENUM_CONVERSION = YES;
				CLANG_WARN_INFINITE_RECURSION = YES;
				CLANG_WARN_INT_CONVERSION = YES;
				CLANG_WARN_NON_LITERAL_NULL_CONVERSION = YES;
				CLANG_WARN_OBJC_IMPLICIT_RETAIN_SELF = YES;
				CLANG_WARN_OBJC_LITERAL_CONVERSION = YES;
				CLANG_WARN_OBJC_ROOT_CLASS = YES_ERROR;
				CLANG_WARN_RANGE_LOOP_ANALYSIS = YES;
				CLANG_WARN_STRICT_PROTOTYPES = YES;
				CLANG_WARN_SUSPICIOUS_MOVE = YES;
				CLANG_WARN_UNGUARDED_AVAILABILITY = YES_AGGRESSIVE;
				CLANG_WARN_UNREACHABLE_CODE = YES;
				CLANG_WARN__DUPLICATE_METHOD_MATCH = YES;
				CODE_SIGN_IDENTITY = "iPhone Developer";
				COPY_PHASE_STRIP = NO;
				DEBUG_INFORMATION_FORMAT = dwarf;
				ENABLE_STRICT_OBJC_MSGSEND = YES;
				ENABLE_TESTABILITY = YES;
				GCC_C_LANGUAGE_STANDARD = gnu11;
				GCC_DYNAMIC_NO_PIC = NO;
				GCC_NO_COMMON_BLOCKS = YES;
				GCC_OPTIMIZATION_LEVEL = 0;
				GCC_PREPROCESSOR_DEFINITIONS = (
					"DEBUG=1",
					"$(inherited)",
				);
				GCC_WARN_64_TO_32_BIT_CONVERSION = YES;
				GCC_WARN_ABOUT_RETURN_TYPE = YES_ERROR;
				GCC_WARN_UNDECLARED_SELECTOR = YES;
				GCC_WARN_UNINITIALIZED_AUTOS = YES_AGGRESSIVE;
				GCC_WARN_UNUSED_FUNCTION = YES;
				GCC_WARN_UNUSED_VARIABLE = YES;
				IPHONEOS_DEPLOYMENT_TARGET = 12.0;
				MTL_ENABLE_DEBUG_INFO = INCLUDE_SOURCE;
				MTL_FAST_MATH = YES;
				ONLY_ACTIVE_ARCH = YES;
				SDKROOT = iphoneos;
				SWIFT_ACTIVE_COMPILATION_CONDITIONS = DEBUG;
				SWIFT_OPTIMIZATION_LEVEL = "-Onone";
			};
			name = Debug;
		};
		078C85A62187A7D1007DC1A5 /* Release */ = {
			isa = XCBuildConfiguration;
			buildSettings = {
				ALWAYS_SEARCH_USER_PATHS = NO;
				CLANG_ANALYZER_NONNULL = YES;
				CLANG_ANALYZER_NUMBER_OBJECT_CONVERSION = YES_AGGRESSIVE;
				CLANG_CXX_LANGUAGE_STANDARD = "gnu++14";
				CLANG_CXX_LIBRARY = "libc++";
				CLANG_ENABLE_MODULES = YES;
				CLANG_ENABLE_OBJC_ARC = YES;
				CLANG_ENABLE_OBJC_WEAK = YES;
				CLANG_WARN_BLOCK_CAPTURE_AUTORELEASING = YES;
				CLANG_WARN_BOOL_CONVERSION = YES;
				CLANG_WARN_COMMA = YES;
				CLANG_WARN_CONSTANT_CONVERSION = YES;
				CLANG_WARN_DEPRECATED_OBJC_IMPLEMENTATIONS = YES;
				CLANG_WARN_DIRECT_OBJC_ISA_USAGE = YES_ERROR;
				CLANG_WARN_DOCUMENTATION_COMMENTS = YES;
				CLANG_WARN_EMPTY_BODY = YES;
				CLANG_WARN_ENUM_CONVERSION = YES;
				CLANG_WARN_INFINITE_RECURSION = YES;
				CLANG_WARN_INT_CONVERSION = YES;
				CLANG_WARN_NON_LITERAL_NULL_CONVERSION = YES;
				CLANG_WARN_OBJC_IMPLICIT_RETAIN_SELF = YES;
				CLANG_WARN_OBJC_LITERAL_CONVERSION = YES;
				CLANG_WARN_OBJC_ROOT_CLASS = YES_ERROR;
				CLANG_WARN_RANGE_LOOP_ANALYSIS = YES;
				CLANG_WARN_STRICT_PROTOTYPES = YES;
				CLANG_WARN_SUSPICIOUS_MOVE = YES;
				CLANG_WARN_UNGUARDED_AVAILABILITY = YES_AGGRESSIVE;
				CLANG_WARN_UNREACHABLE_CODE = YES;
				CLANG_WARN__DUPLICATE_METHOD_MATCH = YES;
				CODE_SIGN_IDENTITY = "iPhone Developer";
				COPY_PHASE_STRIP = NO;
				DEBUG_INFORMATION_FORMAT = "dwarf-with-dsym";
				ENABLE_NS_ASSERTIONS = NO;
				ENABLE_STRICT_OBJC_MSGSEND = YES;
				GCC_C_LANGUAGE_STANDARD = gnu11;
				GCC_NO_COMMON_BLOCKS = YES;
				GCC_WARN_64_TO_32_BIT_CONVERSION = YES;
				GCC_WARN_ABOUT_RETURN_TYPE = YES_ERROR;
				GCC_WARN_UNDECLARED_SELECTOR = YES;
				GCC_WARN_UNINITIALIZED_AUTOS = YES_AGGRESSIVE;
				GCC_WARN_UNUSED_FUNCTION = YES;
				GCC_WARN_UNUSED_VARIABLE = YES;
				IPHONEOS_DEPLOYMENT_TARGET = 12.0;
				MTL_ENABLE_DEBUG_INFO = NO;
				MTL_FAST_MATH = YES;
				SDKROOT = iphoneos;
				SWIFT_COMPILATION_MODE = wholemodule;
				SWIFT_OPTIMIZATION_LEVEL = "-O";
				VALIDATE_PRODUCT = YES;
			};
			name = Release;
		};
		078C85A82187A7D1007DC1A5 /* Debug */ = {
			isa = XCBuildConfiguration;
			buildSettings = {
				ASSETCATALOG_COMPILER_APPICON_NAME = AppIcon;
				CODE_SIGN_STYLE = Automatic;
				DEVELOPMENT_TEAM = N6J63MHP63;
				INFOPLIST_FILE = TicTacToe/Info.plist;
				LD_RUNPATH_SEARCH_PATHS = (
					"$(inherited)",
					"@executable_path/Frameworks",
				);
				PRODUCT_BUNDLE_IDENTIFIER = "Renato-Matos.TicTacToe";
				PRODUCT_NAME = "$(TARGET_NAME)";
				SWIFT_VERSION = 4.2;
				TARGETED_DEVICE_FAMILY = "1,2";
			};
			name = Debug;
		};
		078C85A92187A7D1007DC1A5 /* Release */ = {
			isa = XCBuildConfiguration;
			buildSettings = {
				ASSETCATALOG_COMPILER_APPICON_NAME = AppIcon;
				CODE_SIGN_STYLE = Automatic;
				DEVELOPMENT_TEAM = N6J63MHP63;
				INFOPLIST_FILE = TicTacToe/Info.plist;
				LD_RUNPATH_SEARCH_PATHS = (
					"$(inherited)",
					"@executable_path/Frameworks",
				);
				PRODUCT_BUNDLE_IDENTIFIER = "Renato-Matos.TicTacToe";
				PRODUCT_NAME = "$(TARGET_NAME)";
				SWIFT_VERSION = 4.2;
				TARGETED_DEVICE_FAMILY = "1,2";
			};
			name = Release;
		};
/* End XCBuildConfiguration section */

/* Begin XCConfigurationList section */
		078C857A2187A7CE007DC1A5 /* Build configuration list for PBXProject "TicTacToe" */ = {
			isa = XCConfigurationList;
			buildConfigurations = (
				078C85A52187A7D1007DC1A5 /* Debug */,
				078C85A62187A7D1007DC1A5 /* Release */,
			);
			defaultConfigurationIsVisible = 0;
			defaultConfigurationName = Release;
		};
		078C85A72187A7D1007DC1A5 /* Build configuration list for PBXNativeTarget "TicTacToe" */ = {
			isa = XCConfigurationList;
			buildConfigurations = (
				078C85A82187A7D1007DC1A5 /* Debug */,
				078C85A92187A7D1007DC1A5 /* Release */,
			);
			defaultConfigurationIsVisible = 0;
			defaultConfigurationName = Release;
		};
/* End XCConfigurationList section */
	};
	rootObject = 078C85772187A7CE007DC1A5 /* Project object */;
}
